// !$*UTF8*$!
{
	archiveVersion = 1;
	classes = {
	};
	objectVersion = 77;
	objects = {

/* Begin PBXContainerItemProxy section */
		21166E042C89CB670072F5A9 /* PBXContainerItemProxy */ = {
			isa = PBXContainerItemProxy;
			containerPortal = 21166DE72C89CB650072F5A9 /* Project object */;
			proxyType = 1;
			remoteGlobalIDString = 21166DEE2C89CB650072F5A9;
			remoteInfo = WellTask;
		};
		21166E0E2C89CB670072F5A9 /* PBXContainerItemProxy */ = {
			isa = PBXContainerItemProxy;
			containerPortal = 21166DE72C89CB650072F5A9 /* Project object */;
			proxyType = 1;
			remoteGlobalIDString = 21166DEE2C89CB650072F5A9;
			remoteInfo = WellTask;
		};
/* End PBXContainerItemProxy section */

/* Begin PBXFileReference section */
		21166DEF2C89CB650072F5A9 /* WellTask.app */ = {isa = PBXFileReference; explicitFileType = wrapper.application; includeInIndex = 0; path = WellTask.app; sourceTree = BUILT_PRODUCTS_DIR; };
		21166E032C89CB670072F5A9 /* WellTaskTests.xctest */ = {isa = PBXFileReference; explicitFileType = wrapper.cfbundle; includeInIndex = 0; path = WellTaskTests.xctest; sourceTree = BUILT_PRODUCTS_DIR; };
		21166E0D2C89CB670072F5A9 /* WellTaskUITests.xctest */ = {isa = PBXFileReference; explicitFileType = wrapper.cfbundle; includeInIndex = 0; path = WellTaskUITests.xctest; sourceTree = BUILT_PRODUCTS_DIR; };
/* End PBXFileReference section */

/* Begin PBXFileSystemSynchronizedBuildFileExceptionSet section */
		21166E152C89CB670072F5A9 /* Exceptions for "WellTask" folder in "WellTask" target */ = {
			isa = PBXFileSystemSynchronizedBuildFileExceptionSet;
			membershipExceptions = (
				Info.plist,
			);
			target = 21166DEE2C89CB650072F5A9 /* WellTask */;
		};
/* End PBXFileSystemSynchronizedBuildFileExceptionSet section */

/* Begin PBXFileSystemSynchronizedRootGroup section */
		21166DF12C89CB650072F5A9 /* WellTask */ = {
			isa = PBXFileSystemSynchronizedRootGroup;
			exceptions = (
				21166E152C89CB670072F5A9 /* Exceptions for "WellTask" folder in "WellTask" target */,
			);
			path = WellTask;
			sourceTree = "<group>";
		};
		21166E062C89CB670072F5A9 /* WellTaskTests */ = {
			isa = PBXFileSystemSynchronizedRootGroup;
			path = WellTaskTests;
			sourceTree = "<group>";
		};
		21166E102C89CB670072F5A9 /* WellTaskUITests */ = {
			isa = PBXFileSystemSynchronizedRootGroup;
			path = WellTaskUITests;
			sourceTree = "<group>";
		};
/* End PBXFileSystemSynchronizedRootGroup section */

/* Begin PBXFrameworksBuildPhase section */
		21166DEC2C89CB650072F5A9 /* Frameworks */ = {
			isa = PBXFrameworksBuildPhase;
			buildActionMask = 2147483647;
			files = (
			);
			runOnlyForDeploymentPostprocessing = 0;
		};
		21166E002C89CB670072F5A9 /* Frameworks */ = {
			isa = PBXFrameworksBuildPhase;
			buildActionMask = 2147483647;
			files = (
			);
			runOnlyForDeploymentPostprocessing = 0;
		};
		21166E0A2C89CB670072F5A9 /* Frameworks */ = {
			isa = PBXFrameworksBuildPhase;
			buildActionMask = 2147483647;
			files = (
			);
			runOnlyForDeploymentPostprocessing = 0;
		};
/* End PBXFrameworksBuildPhase section */

/* Begin PBXGroup section */
		21166DE62C89CB650072F5A9 = {
			isa = PBXGroup;
			children = (
				21166DF12C89CB650072F5A9 /* WellTask */,
				21166E062C89CB670072F5A9 /* WellTaskTests */,
				21166E102C89CB670072F5A9 /* WellTaskUITests */,
				21166DF02C89CB650072F5A9 /* Products */,
			);
			sourceTree = "<group>";
		};
		21166DF02C89CB650072F5A9 /* Products */ = {
			isa = PBXGroup;
			children = (
				21166DEF2C89CB650072F5A9 /* WellTask.app */,
				21166E032C89CB670072F5A9 /* WellTaskTests.xctest */,
				21166E0D2C89CB670072F5A9 /* WellTaskUITests.xctest */,
			);
			name = Products;
			sourceTree = "<group>";
		};
/* End PBXGroup section */

/* Begin PBXNativeTarget section */
		21166DEE2C89CB650072F5A9 /* WellTask */ = {
			isa = PBXNativeTarget;
			buildConfigurationList = 21166E162C89CB670072F5A9 /* Build configuration list for PBXNativeTarget "WellTask" */;
			buildPhases = (
				21166DEB2C89CB650072F5A9 /* Sources */,
				21166DEC2C89CB650072F5A9 /* Frameworks */,
				21166DED2C89CB650072F5A9 /* Resources */,
			);
			buildRules = (
			);
			dependencies = (
			);
			fileSystemSynchronizedGroups = (
				21166DF12C89CB650072F5A9 /* WellTask */,
			);
			name = WellTask;
			packageProductDependencies = (
			);
			productName = WellTask;
			productReference = 21166DEF2C89CB650072F5A9 /* WellTask.app */;
			productType = "com.apple.product-type.application";
		};
		21166E022C89CB670072F5A9 /* WellTaskTests */ = {
			isa = PBXNativeTarget;
			buildConfigurationList = 21166E1B2C89CB670072F5A9 /* Build configuration list for PBXNativeTarget "WellTaskTests" */;
			buildPhases = (
				21166DFF2C89CB670072F5A9 /* Sources */,
				21166E002C89CB670072F5A9 /* Frameworks */,
				21166E012C89CB670072F5A9 /* Resources */,
			);
			buildRules = (
			);
			dependencies = (
				21166E052C89CB670072F5A9 /* PBXTargetDependency */,
			);
			fileSystemSynchronizedGroups = (
				21166E062C89CB670072F5A9 /* WellTaskTests */,
			);
			name = WellTaskTests;
			packageProductDependencies = (
			);
			productName = WellTaskTests;
			productReference = 21166E032C89CB670072F5A9 /* WellTaskTests.xctest */;
			productType = "com.apple.product-type.bundle.unit-test";
		};
		21166E0C2C89CB670072F5A9 /* WellTaskUITests */ = {
			isa = PBXNativeTarget;
			buildConfigurationList = 21166E1E2C89CB670072F5A9 /* Build configuration list for PBXNativeTarget "WellTaskUITests" */;
			buildPhases = (
				21166E092C89CB670072F5A9 /* Sources */,
				21166E0A2C89CB670072F5A9 /* Frameworks */,
				21166E0B2C89CB670072F5A9 /* Resources */,
			);
			buildRules = (
			);
			dependencies = (
				21166E0F2C89CB670072F5A9 /* PBXTargetDependency */,
			);
			fileSystemSynchronizedGroups = (
				21166E102C89CB670072F5A9 /* WellTaskUITests */,
			);
			name = WellTaskUITests;
			packageProductDependencies = (
			);
			productName = WellTaskUITests;
			productReference = 21166E0D2C89CB670072F5A9 /* WellTaskUITests.xctest */;
			productType = "com.apple.product-type.bundle.ui-testing";
		};
/* End PBXNativeTarget section */

/* Begin PBXProject section */
		21166DE72C89CB650072F5A9 /* Project object */ = {
			isa = PBXProject;
			attributes = {
				BuildIndependentTargetsInParallel = 1;
				LastSwiftUpdateCheck = 1600;
				LastUpgradeCheck = 1600;
				TargetAttributes = {
					21166DEE2C89CB650072F5A9 = {
						CreatedOnToolsVersion = 16.0;
					};
					21166E022C89CB670072F5A9 = {
						CreatedOnToolsVersion = 16.0;
						TestTargetID = 21166DEE2C89CB650072F5A9;
					};
					21166E0C2C89CB670072F5A9 = {
						CreatedOnToolsVersion = 16.0;
						TestTargetID = 21166DEE2C89CB650072F5A9;
					};
				};
			};
			buildConfigurationList = 21166DEA2C89CB650072F5A9 /* Build configuration list for PBXProject "WellTask" */;
			developmentRegion = en;
			hasScannedForEncodings = 0;
			knownRegions = (
				en,
				Base,
			);
			mainGroup = 21166DE62C89CB650072F5A9;
			minimizedProjectReferenceProxies = 1;
			preferredProjectObjectVersion = 77;
			productRefGroup = 21166DF02C89CB650072F5A9 /* Products */;
			projectDirPath = "";
			projectRoot = "";
			targets = (
				21166DEE2C89CB650072F5A9 /* WellTask */,
				21166E022C89CB670072F5A9 /* WellTaskTests */,
				21166E0C2C89CB670072F5A9 /* WellTaskUITests */,
			);
		};
/* End PBXProject section */

/* Begin PBXResourcesBuildPhase section */
		21166DED2C89CB650072F5A9 /* Resources */ = {
			isa = PBXResourcesBuildPhase;
			buildActionMask = 2147483647;
			files = (
			);
			runOnlyForDeploymentPostprocessing = 0;
		};
		21166E012C89CB670072F5A9 /* Resources */ = {
			isa = PBXResourcesBuildPhase;
			buildActionMask = 2147483647;
			files = (
			);
			runOnlyForDeploymentPostprocessing = 0;
		};
		21166E0B2C89CB670072F5A9 /* Resources */ = {
			isa = PBXResourcesBuildPhase;
			buildActionMask = 2147483647;
			files = (
			);
			runOnlyForDeploymentPostprocessing = 0;
		};
/* End PBXResourcesBuildPhase section */

/* Begin PBXSourcesBuildPhase section */
		21166DEB2C89CB650072F5A9 /* Sources */ = {
			isa = PBXSourcesBuildPhase;
			buildActionMask = 2147483647;
			files = (
			);
			runOnlyForDeploymentPostprocessing = 0;
		};
		21166DFF2C89CB670072F5A9 /* Sources */ = {
			isa = PBXSourcesBuildPhase;
			buildActionMask = 2147483647;
			files = (
			);
			runOnlyForDeploymentPostprocessing = 0;
		};
		21166E092C89CB670072F5A9 /* Sources */ = {
			isa = PBXSourcesBuildPhase;
			buildActionMask = 2147483647;
			files = (
			);
			runOnlyForDeploymentPostprocessing = 0;
		};
/* End PBXSourcesBuildPhase section */

/* Begin PBXTargetDependency section */
		21166E052C89CB670072F5A9 /* PBXTargetDependency */ = {
			isa = PBXTargetDependency;
			target = 21166DEE2C89CB650072F5A9 /* WellTask */;
			targetProxy = 21166E042C89CB670072F5A9 /* PBXContainerItemProxy */;
		};
		21166E0F2C89CB670072F5A9 /* PBXTargetDependency */ = {
			isa = PBXTargetDependency;
			target = 21166DEE2C89CB650072F5A9 /* WellTask */;
			targetProxy = 21166E0E2C89CB670072F5A9 /* PBXContainerItemProxy */;
		};
/* End PBXTargetDependency section */

/* Begin XCBuildConfiguration section */
		21166E172C89CB670072F5A9 /* Debug */ = {
			isa = XCBuildConfiguration;
			buildSettings = {
				ASSETCATALOG_COMPILER_APPICON_NAME = AppIcon;
				ASSETCATALOG_COMPILER_GLOBAL_ACCENT_COLOR_NAME = AccentColor;
				CODE_SIGN_ENTITLEMENTS = WellTask/WellTask.entitlements;
				CODE_SIGN_STYLE = Automatic;
				CURRENT_PROJECT_VERSION = 1;
				DEVELOPMENT_ASSET_PATHS = "\"WellTask/Preview Content\"";
				DEVELOPMENT_TEAM = R2YVCZ58UE;
				ENABLE_PREVIEWS = YES;
				GENERATE_INFOPLIST_FILE = YES;
				INFOPLIST_FILE = WellTask/Info.plist;
				INFOPLIST_KEY_CFBundleDisplayName = "Well Task";
				INFOPLIST_KEY_LSApplicationCategoryType = "public.app-category.healthcare-fitness";
				INFOPLIST_KEY_UIApplicationSceneManifest_Generation = YES;
				INFOPLIST_KEY_UIApplicationSupportsIndirectInputEvents = YES;
				INFOPLIST_KEY_UILaunchScreen_Generation = YES;
				INFOPLIST_KEY_UISupportedInterfaceOrientations_iPad = "UIInterfaceOrientationPortrait UIInterfaceOrientationPortraitUpsideDown UIInterfaceOrientationLandscapeLeft UIInterfaceOrientationLandscapeRight";
				INFOPLIST_KEY_UISupportedInterfaceOrientations_iPhone = "UIInterfaceOrientationPortrait UIInterfaceOrientationLandscapeLeft UIInterfaceOrientationLandscapeRight";
				LD_RUNPATH_SEARCH_PATHS = (
					"$(inherited)",
					"@executable_path/Frameworks",
				);
				MARKETING_VERSION = 1.0;
				PRODUCT_BUNDLE_IDENTIFIER = com.christophprenissl.WellTask;
				PRODUCT_NAME = "$(TARGET_NAME)";
				SWIFT_EMIT_LOC_STRINGS = YES;
				SWIFT_VERSION = 5.0;
				TARGETED_DEVICE_FAMILY = "1,2";
			};
			name = Debug;
		};
		21166E182C89CB670072F5A9 /* Release */ = {
			isa = XCBuildConfiguration;
			buildSettings = {
				ASSETCATALOG_COMPILER_APPICON_NAME = AppIcon;
				ASSETCATALOG_COMPILER_GLOBAL_ACCENT_COLOR_NAME = AccentColor;
				CODE_SIGN_ENTITLEMENTS = WellTask/WellTask.entitlements;
				CODE_SIGN_STYLE = Automatic;
				CURRENT_PROJECT_VERSION = 1;
				DEVELOPMENT_ASSET_PATHS = "\"WellTask/Preview Content\"";
				DEVELOPMENT_TEAM = R2YVCZ58UE;
				ENABLE_PREVIEWS = YES;
				GENERATE_INFOPLIST_FILE = YES;
				INFOPLIST_FILE = WellTask/Info.plist;
				INFOPLIST_KEY_CFBundleDisplayName = "Well Task";
				INFOPLIST_KEY_LSApplicationCategoryType = "public.app-category.healthcare-fitness";
				INFOPLIST_KEY_UIApplicationSceneManifest_Generation = YES;
				INFOPLIST_KEY_UIApplicationSupportsIndirectInputEvents = YES;
				INFOPLIST_KEY_UILaunchScreen_Generation = YES;
				INFOPLIST_KEY_UISupportedInterfaceOrientations_iPad = "UIInterfaceOrientationPortrait UIInterfaceOrientationPortraitUpsideDown UIInterfaceOrientationLandscapeLeft UIInterfaceOrientationLandscapeRight";
				INFOPLIST_KEY_UISupportedInterfaceOrientations_iPhone = "UIInterfaceOrientationPortrait UIInterfaceOrientationLandscapeLeft UIInterfaceOrientationLandscapeRight";
				LD_RUNPATH_SEARCH_PATHS = (
					"$(inherited)",
					"@executable_path/Frameworks",
				);
				MARKETING_VERSION = 1.0;
				PRODUCT_BUNDLE_IDENTIFIER = com.christophprenissl.WellTask;
				PRODUCT_NAME = "$(TARGET_NAME)";
				SWIFT_EMIT_LOC_STRINGS = YES;
				SWIFT_VERSION = 5.0;
				TARGETED_DEVICE_FAMILY = "1,2";
			};
			name = Release;
		};
		21166E192C89CB670072F5A9 /* Debug */ = {
			isa = XCBuildConfiguration;
			buildSettings = {
				ALWAYS_SEARCH_USER_PATHS = NO;
				ASSETCATALOG_COMPILER_GENERATE_SWIFT_ASSET_SYMBOL_EXTENSIONS = YES;
				CLANG_ANALYZER_NONNULL = YES;
				CLANG_ANALYZER_NUMBER_OBJECT_CONVERSION = YES_AGGRESSIVE;
				CLANG_CXX_LANGUAGE_STANDARD = "gnu++20";
				CLANG_ENABLE_MODULES = YES;
				CLANG_ENABLE_OBJC_ARC = YES;
				CLANG_ENABLE_OBJC_WEAK = YES;
				CLANG_WARN_BLOCK_CAPTURE_AUTORELEASING = YES;
				CLANG_WARN_BOOL_CONVERSION = YES;
				CLANG_WARN_COMMA = YES;
				CLANG_WARN_CONSTANT_CONVERSION = YES;
				CLANG_WARN_DEPRECATED_OBJC_IMPLEMENTATIONS = YES;
				CLANG_WARN_DIRECT_OBJC_ISA_USAGE = YES_ERROR;
				CLANG_WARN_DOCUMENTATION_COMMENTS = YES;
				CLANG_WARN_EMPTY_BODY = YES;
				CLANG_WARN_ENUM_CONVERSION = YES;
				CLANG_WARN_INFINITE_RECURSION = YES;
				CLANG_WARN_INT_CONVERSION = YES;
				CLANG_WARN_NON_LITERAL_NULL_CONVERSION = YES;
				CLANG_WARN_OBJC_IMPLICIT_RETAIN_SELF = YES;
				CLANG_WARN_OBJC_LITERAL_CONVERSION = YES;
				CLANG_WARN_OBJC_ROOT_CLASS = YES_ERROR;
				CLANG_WARN_QUOTED_INCLUDE_IN_FRAMEWORK_HEADER = YES;
				CLANG_WARN_RANGE_LOOP_ANALYSIS = YES;
				CLANG_WARN_STRICT_PROTOTYPES = YES;
				CLANG_WARN_SUSPICIOUS_MOVE = YES;
				CLANG_WARN_UNGUARDED_AVAILABILITY = YES_AGGRESSIVE;
				CLANG_WARN_UNREACHABLE_CODE = YES;
				CLANG_WARN__DUPLICATE_METHOD_MATCH = YES;
				COPY_PHASE_STRIP = NO;
				DEBUG_INFORMATION_FORMAT = dwarf;
				ENABLE_STRICT_OBJC_MSGSEND = YES;
				ENABLE_TESTABILITY = YES;
				ENABLE_USER_SCRIPT_SANDBOXING = YES;
				GCC_C_LANGUAGE_STANDARD = gnu17;
				GCC_DYNAMIC_NO_PIC = NO;
				GCC_NO_COMMON_BLOCKS = YES;
				GCC_OPTIMIZATION_LEVEL = 0;
				GCC_PREPROCESSOR_DEFINITIONS = (
					"DEBUG=1",
					"$(inherited)",
				);
				GCC_WARN_64_TO_32_BIT_CONVERSION = YES;
				GCC_WARN_ABOUT_RETURN_TYPE = YES_ERROR;
				GCC_WARN_UNDECLARED_SELECTOR = YES;
				GCC_WARN_UNINITIALIZED_AUTOS = YES_AGGRESSIVE;
				GCC_WARN_UNUSED_FUNCTION = YES;
				GCC_WARN_UNUSED_VARIABLE = YES;
				IPHONEOS_DEPLOYMENT_TARGET = 18.0;
				LOCALIZATION_PREFERS_STRING_CATALOGS = YES;
				MTL_ENABLE_DEBUG_INFO = INCLUDE_SOURCE;
				MTL_FAST_MATH = YES;
				ONLY_ACTIVE_ARCH = YES;
				SDKROOT = iphoneos;
				SWIFT_ACTIVE_COMPILATION_CONDITIONS = "DEBUG $(inherited)";
				SWIFT_OPTIMIZATION_LEVEL = "-Onone";
			};
			name = Debug;
		};
		21166E1A2C89CB670072F5A9 /* Release */ = {
			isa = XCBuildConfiguration;
			buildSettings = {
				ALWAYS_SEARCH_USER_PATHS = NO;
				ASSETCATALOG_COMPILER_GENERATE_SWIFT_ASSET_SYMBOL_EXTENSIONS = YES;
				CLANG_ANALYZER_NONNULL = YES;
				CLANG_ANALYZER_NUMBER_OBJECT_CONVERSION = YES_AGGRESSIVE;
				CLANG_CXX_LANGUAGE_STANDARD = "gnu++20";
				CLANG_ENABLE_MODULES = YES;
				CLANG_ENABLE_OBJC_ARC = YES;
				CLANG_ENABLE_OBJC_WEAK = YES;
				CLANG_WARN_BLOCK_CAPTURE_AUTORELEASING = YES;
				CLANG_WARN_BOOL_CONVERSION = YES;
				CLANG_WARN_COMMA = YES;
				CLANG_WARN_CONSTANT_CONVERSION = YES;
				CLANG_WARN_DEPRECATED_OBJC_IMPLEMENTATIONS = YES;
				CLANG_WARN_DIRECT_OBJC_ISA_USAGE = YES_ERROR;
				CLANG_WARN_DOCUMENTATION_COMMENTS = YES;
				CLANG_WARN_EMPTY_BODY = YES;
				CLANG_WARN_ENUM_CONVERSION = YES;
				CLANG_WARN_INFINITE_RECURSION = YES;
				CLANG_WARN_INT_CONVERSION = YES;
				CLANG_WARN_NON_LITERAL_NULL_CONVERSION = YES;
				CLANG_WARN_OBJC_IMPLICIT_RETAIN_SELF = YES;
				CLANG_WARN_OBJC_LITERAL_CONVERSION = YES;
				CLANG_WARN_OBJC_ROOT_CLASS = YES_ERROR;
				CLANG_WARN_QUOTED_INCLUDE_IN_FRAMEWORK_HEADER = YES;
				CLANG_WARN_RANGE_LOOP_ANALYSIS = YES;
				CLANG_WARN_STRICT_PROTOTYPES = YES;
				CLANG_WARN_SUSPICIOUS_MOVE = YES;
				CLANG_WARN_UNGUARDED_AVAILABILITY = YES_AGGRESSIVE;
				CLANG_WARN_UNREACHABLE_CODE = YES;
				CLANG_WARN__DUPLICATE_METHOD_MATCH = YES;
				COPY_PHASE_STRIP = NO;
				DEBUG_INFORMATION_FORMAT = "dwarf-with-dsym";
				ENABLE_NS_ASSERTIONS = NO;
				ENABLE_STRICT_OBJC_MSGSEND = YES;
				ENABLE_USER_SCRIPT_SANDBOXING = YES;
				GCC_C_LANGUAGE_STANDARD = gnu17;
				GCC_NO_COMMON_BLOCKS = YES;
				GCC_WARN_64_TO_32_BIT_CONVERSION = YES;
				GCC_WARN_ABOUT_RETURN_TYPE = YES_ERROR;
				GCC_WARN_UNDECLARED_SELECTOR = YES;
				GCC_WARN_UNINITIALIZED_AUTOS = YES_AGGRESSIVE;
				GCC_WARN_UNUSED_FUNCTION = YES;
				GCC_WARN_UNUSED_VARIABLE = YES;
				IPHONEOS_DEPLOYMENT_TARGET = 18.0;
				LOCALIZATION_PREFERS_STRING_CATALOGS = YES;
				MTL_ENABLE_DEBUG_INFO = NO;
				MTL_FAST_MATH = YES;
				SDKROOT = iphoneos;
				SWIFT_COMPILATION_MODE = wholemodule;
				VALIDATE_PRODUCT = YES;
			};
			name = Release;
		};
		21166E1C2C89CB670072F5A9 /* Debug */ = {
			isa = XCBuildConfiguration;
			buildSettings = {
				BUNDLE_LOADER = "$(TEST_HOST)";
				CODE_SIGN_STYLE = Automatic;
				CURRENT_PROJECT_VERSION = 1;
				DEVELOPMENT_TEAM = R2YVCZ58UE;
				GENERATE_INFOPLIST_FILE = YES;
				IPHONEOS_DEPLOYMENT_TARGET = 18.0;
				MARKETING_VERSION = 1.0;
				PRODUCT_BUNDLE_IDENTIFIER = com.christophprenissl.WellTaskTests;
				PRODUCT_NAME = "$(TARGET_NAME)";
				SWIFT_EMIT_LOC_STRINGS = NO;
				SWIFT_VERSION = 5.0;
				TARGETED_DEVICE_FAMILY = "1,2";
				TEST_HOST = "$(BUILT_PRODUCTS_DIR)/WellTask.app/$(BUNDLE_EXECUTABLE_FOLDER_PATH)/WellTask";
			};
			name = Debug;
		};
		21166E1D2C89CB670072F5A9 /* Release */ = {
			isa = XCBuildConfiguration;
			buildSettings = {
				BUNDLE_LOADER = "$(TEST_HOST)";
				CODE_SIGN_STYLE = Automatic;
				CURRENT_PROJECT_VERSION = 1;
				DEVELOPMENT_TEAM = R2YVCZ58UE;
				GENERATE_INFOPLIST_FILE = YES;
				IPHONEOS_DEPLOYMENT_TARGET = 18.0;
				MARKETING_VERSION = 1.0;
				PRODUCT_BUNDLE_IDENTIFIER = com.christophprenissl.WellTaskTests;
				PRODUCT_NAME = "$(TARGET_NAME)";
				SWIFT_EMIT_LOC_STRINGS = NO;
				SWIFT_VERSION = 5.0;
				TARGETED_DEVICE_FAMILY = "1,2";
				TEST_HOST = "$(BUILT_PRODUCTS_DIR)/WellTask.app/$(BUNDLE_EXECUTABLE_FOLDER_PATH)/WellTask";
			};
			name = Release;
		};
		21166E1F2C89CB670072F5A9 /* Debug */ = {
			isa = XCBuildConfiguration;
			buildSettings = {
				CODE_SIGN_STYLE = Automatic;
				CURRENT_PROJECT_VERSION = 1;
				DEVELOPMENT_TEAM = R2YVCZ58UE;
				GENERATE_INFOPLIST_FILE = YES;
				MARKETING_VERSION = 1.0;
				PRODUCT_BUNDLE_IDENTIFIER = com.christophprenissl.WellTaskUITests;
				PRODUCT_NAME = "$(TARGET_NAME)";
				SWIFT_EMIT_LOC_STRINGS = NO;
				SWIFT_VERSION = 5.0;
				TARGETED_DEVICE_FAMILY = "1,2";
				TEST_TARGET_NAME = WellTask;
			};
			name = Debug;
		};
		21166E202C89CB670072F5A9 /* Release */ = {
			isa = XCBuildConfiguration;
			buildSettings = {
				CODE_SIGN_STYLE = Automatic;
				CURRENT_PROJECT_VERSION = 1;
				DEVELOPMENT_TEAM = R2YVCZ58UE;
				GENERATE_INFOPLIST_FILE = YES;
				MARKETING_VERSION = 1.0;
				PRODUCT_BUNDLE_IDENTIFIER = com.christophprenissl.WellTaskUITests;
				PRODUCT_NAME = "$(TARGET_NAME)";
				SWIFT_EMIT_LOC_STRINGS = NO;
				SWIFT_VERSION = 5.0;
				TARGETED_DEVICE_FAMILY = "1,2";
				TEST_TARGET_NAME = WellTask;
			};
			name = Release;
		};
/* End XCBuildConfiguration section */

/* Begin XCConfigurationList section */
		21166DEA2C89CB650072F5A9 /* Build configuration list for PBXProject "WellTask" */ = {
			isa = XCConfigurationList;
			buildConfigurations = (
				21166E192C89CB670072F5A9 /* Debug */,
				21166E1A2C89CB670072F5A9 /* Release */,
			);
			defaultConfigurationIsVisible = 0;
			defaultConfigurationName = Release;
		};
		21166E162C89CB670072F5A9 /* Build configuration list for PBXNativeTarget "WellTask" */ = {
			isa = XCConfigurationList;
			buildConfigurations = (
				21166E172C89CB670072F5A9 /* Debug */,
				21166E182C89CB670072F5A9 /* Release */,
			);
			defaultConfigurationIsVisible = 0;
			defaultConfigurationName = Release;
		};
		21166E1B2C89CB670072F5A9 /* Build configuration list for PBXNativeTarget "WellTaskTests" */ = {
			isa = XCConfigurationList;
			buildConfigurations = (
				21166E1C2C89CB670072F5A9 /* Debug */,
				21166E1D2C89CB670072F5A9 /* Release */,
			);
			defaultConfigurationIsVisible = 0;
			defaultConfigurationName = Release;
		};
		21166E1E2C89CB670072F5A9 /* Build configuration list for PBXNativeTarget "WellTaskUITests" */ = {
			isa = XCConfigurationList;
			buildConfigurations = (
				21166E1F2C89CB670072F5A9 /* Debug */,
				21166E202C89CB670072F5A9 /* Release */,
			);
			defaultConfigurationIsVisible = 0;
			defaultConfigurationName = Release;
		};
/* End XCConfigurationList section */
	};
	rootObject = 21166DE72C89CB650072F5A9 /* Project object */;
}
